
Microsoft Visual Studio Solution File, Format Version 12.00
# Visual Studio 15
VisualStudioVersion = 15.0.26730.12
MinimumVisualStudioVersion = 10.0.40219.1
Project("{2150E333-8FDC-42A3-9474-1A3956D46DE8}") = "src", "src", "{40A0CE46-F9EF-4C9A-9E38-2BDE8EE24037}"
EndProject
Project("{2150E333-8FDC-42A3-9474-1A3956D46DE8}") = "Solution Items", "Solution Items", "{0418290F-C788-441F-B87D-4D6DF5A69316}"
EndProject
Project("{9A19103F-16F7-4668-BE54-9A1E7A4F7556}") = "FuelTracker", "src\FuelTracker\FuelTracker.csproj", "{C1A224EC-342A-4B20-8C15-F6A2BC454B95}"
EndProject
Project("{9A19103F-16F7-4668-BE54-9A1E7A4F7556}") = "Commands", "src\Commands\Commands.csproj", "{1166F4EC-912D-4625-878B-660E7FF895D0}"
EndProject
Project("{9A19103F-16F7-4668-BE54-9A1E7A4F7556}") = "Common", "src\Common\Common.csproj", "{E48C9051-8811-4C1E-A818-E89E0705F25C}"
EndProject
Project("{9A19103F-16F7-4668-BE54-9A1E7A4F7556}") = "Domain", "src\Domain\Domain.csproj", "{C57E7259-99B7-4839-81FD-472192D29520}"
EndProject
Project("{9A19103F-16F7-4668-BE54-9A1E7A4F7556}") = "Infrastructure", "src\Infrastructure\Infrastructure.csproj", "{E9EEB83B-7E98-4005-AC28-8371FD36692A}"
EndProject
Project("{9A19103F-16F7-4668-BE54-9A1E7A4F7556}") = "Persistence", "src\Persistence\Persistence.csproj", "{40FD2DD9-DB3E-4A60-A51B-182E4C0539A8}"
EndProject
Project("{9A19103F-16F7-4668-BE54-9A1E7A4F7556}") = "Queries", "src\Queries\Queries.csproj", "{4F16C4AB-7DFB-4A6B-A82D-9A1580AF686A}"
EndProject
Project("{9A19103F-16F7-4668-BE54-9A1E7A4F7556}") = "CustomExceptions", "src\CustomExceptions\CustomExceptions.csproj", "{E6F6DF07-D791-45C8-AE08-3646C2F0A7BB}"
EndProject
Project("{9A19103F-16F7-4668-BE54-9A1E7A4F7556}") = "UnitTests", "src\UnitTests\UnitTests.csproj", "{132C638B-AE5D-4DB7-BA15-348850E05FE8}"
EndProject
Project("{9A19103F-16F7-4668-BE54-9A1E7A4F7556}") = "Services", "src\Services\Services.csproj", "{A5D0339B-0FEC-46D3-8E59-AA1697E39929}"
EndProject
Global
	GlobalSection(SolutionConfigurationPlatforms) = preSolution
		Debug|Any CPU = Debug|Any CPU
		Release|Any CPU = Release|Any CPU
	EndGlobalSection
	GlobalSection(ProjectConfigurationPlatforms) = postSolution
		{C1A224EC-342A-4B20-8C15-F6A2BC454B95}.Debug|Any CPU.ActiveCfg = Debug|Any CPU
		{C1A224EC-342A-4B20-8C15-F6A2BC454B95}.Debug|Any CPU.Build.0 = Debug|Any CPU
		{C1A224EC-342A-4B20-8C15-F6A2BC454B95}.Release|Any CPU.ActiveCfg = Release|Any CPU
		{C1A224EC-342A-4B20-8C15-F6A2BC454B95}.Release|Any CPU.Build.0 = Release|Any CPU
		{1166F4EC-912D-4625-878B-660E7FF895D0}.Debug|Any CPU.ActiveCfg = Debug|Any CPU
		{1166F4EC-912D-4625-878B-660E7FF895D0}.Debug|Any CPU.Build.0 = Debug|Any CPU
		{1166F4EC-912D-4625-878B-660E7FF895D0}.Release|Any CPU.ActiveCfg = Release|Any CPU
		{1166F4EC-912D-4625-878B-660E7FF895D0}.Release|Any CPU.Build.0 = Release|Any CPU
		{E48C9051-8811-4C1E-A818-E89E0705F25C}.Debug|Any CPU.ActiveCfg = Debug|Any CPU
		{E48C9051-8811-4C1E-A818-E89E0705F25C}.Debug|Any CPU.Build.0 = Debug|Any CPU
		{E48C9051-8811-4C1E-A818-E89E0705F25C}.Release|Any CPU.ActiveCfg = Release|Any CPU
		{E48C9051-8811-4C1E-A818-E89E0705F25C}.Release|Any CPU.Build.0 = Release|Any CPU
		{C57E7259-99B7-4839-81FD-472192D29520}.Debug|Any CPU.ActiveCfg = Debug|Any CPU
		{C57E7259-99B7-4839-81FD-472192D29520}.Debug|Any CPU.Build.0 = Debug|Any CPU
		{C57E7259-99B7-4839-81FD-472192D29520}.Release|Any CPU.ActiveCfg = Release|Any CPU
		{C57E7259-99B7-4839-81FD-472192D29520}.Release|Any CPU.Build.0 = Release|Any CPU
		{E9EEB83B-7E98-4005-AC28-8371FD36692A}.Debug|Any CPU.ActiveCfg = Debug|Any CPU
		{E9EEB83B-7E98-4005-AC28-8371FD36692A}.Debug|Any CPU.Build.0 = Debug|Any CPU
		{E9EEB83B-7E98-4005-AC28-8371FD36692A}.Release|Any CPU.ActiveCfg = Release|Any CPU
		{E9EEB83B-7E98-4005-AC28-8371FD36692A}.Release|Any CPU.Build.0 = Release|Any CPU
		{40FD2DD9-DB3E-4A60-A51B-182E4C0539A8}.Debug|Any CPU.ActiveCfg = Debug|Any CPU
		{40FD2DD9-DB3E-4A60-A51B-182E4C0539A8}.Debug|Any CPU.Build.0 = Debug|Any CPU
		{40FD2DD9-DB3E-4A60-A51B-182E4C0539A8}.Release|Any CPU.ActiveCfg = Release|Any CPU
		{40FD2DD9-DB3E-4A60-A51B-182E4C0539A8}.Release|Any CPU.Build.0 = Release|Any CPU
		{4F16C4AB-7DFB-4A6B-A82D-9A1580AF686A}.Debug|Any CPU.ActiveCfg = Debug|Any CPU
		{4F16C4AB-7DFB-4A6B-A82D-9A1580AF686A}.Debug|Any CPU.Build.0 = Debug|Any CPU
		{4F16C4AB-7DFB-4A6B-A82D-9A1580AF686A}.Release|Any CPU.ActiveCfg = Release|Any CPU
		{4F16C4AB-7DFB-4A6B-A82D-9A1580AF686A}.Release|Any CPU.Build.0 = Release|Any CPU
		{E6F6DF07-D791-45C8-AE08-3646C2F0A7BB}.Debug|Any CPU.ActiveCfg = Debug|Any CPU
		{E6F6DF07-D791-45C8-AE08-3646C2F0A7BB}.Debug|Any CPU.Build.0 = Debug|Any CPU
		{E6F6DF07-D791-45C8-AE08-3646C2F0A7BB}.Release|Any CPU.ActiveCfg = Release|Any CPU
		{E6F6DF07-D791-45C8-AE08-3646C2F0A7BB}.Release|Any CPU.Build.0 = Release|Any CPU
		{132C638B-AE5D-4DB7-BA15-348850E05FE8}.Debug|Any CPU.ActiveCfg = Debug|Any CPU
		{132C638B-AE5D-4DB7-BA15-348850E05FE8}.Debug|Any CPU.Build.0 = Debug|Any CPU
		{132C638B-AE5D-4DB7-BA15-348850E05FE8}.Release|Any CPU.ActiveCfg = Release|Any CPU
		{132C638B-AE5D-4DB7-BA15-348850E05FE8}.Release|Any CPU.Build.0 = Release|Any CPU
		{A5D0339B-0FEC-46D3-8E59-AA1697E39929}.Debug|Any CPU.ActiveCfg = Debug|Any CPU
		{A5D0339B-0FEC-46D3-8E59-AA1697E39929}.Debug|Any CPU.Build.0 = Debug|Any CPU
		{A5D0339B-0FEC-46D3-8E59-AA1697E39929}.Release|Any CPU.ActiveCfg = Release|Any CPU
		{A5D0339B-0FEC-46D3-8E59-AA1697E39929}.Release|Any CPU.Build.0 = Release|Any CPU
	EndGlobalSection
	GlobalSection(SolutionProperties) = preSolution
		HideSolutionNode = FALSE
	EndGlobalSection
	GlobalSection(NestedProjects) = preSolution
		{C1A224EC-342A-4B20-8C15-F6A2BC454B95} = {40A0CE46-F9EF-4C9A-9E38-2BDE8EE24037}
		{1166F4EC-912D-4625-878B-660E7FF895D0} = {40A0CE46-F9EF-4C9A-9E38-2BDE8EE24037}
		{E48C9051-8811-4C1E-A818-E89E0705F25C} = {40A0CE46-F9EF-4C9A-9E38-2BDE8EE24037}
		{C57E7259-99B7-4839-81FD-472192D29520} = {40A0CE46-F9EF-4C9A-9E38-2BDE8EE24037}
		{E9EEB83B-7E98-4005-AC28-8371FD36692A} = {40A0CE46-F9EF-4C9A-9E38-2BDE8EE24037}
		{40FD2DD9-DB3E-4A60-A51B-182E4C0539A8} = {40A0CE46-F9EF-4C9A-9E38-2BDE8EE24037}
		{4F16C4AB-7DFB-4A6B-A82D-9A1580AF686A} = {40A0CE46-F9EF-4C9A-9E38-2BDE8EE24037}
		{E6F6DF07-D791-45C8-AE08-3646C2F0A7BB} = {40A0CE46-F9EF-4C9A-9E38-2BDE8EE24037}
		{132C638B-AE5D-4DB7-BA15-348850E05FE8} = {40A0CE46-F9EF-4C9A-9E38-2BDE8EE24037}
		{A5D0339B-0FEC-46D3-8E59-AA1697E39929} = {40A0CE46-F9EF-4C9A-9E38-2BDE8EE24037}
	EndGlobalSection
	GlobalSection(ExtensibilityGlobals) = postSolution
		SolutionGuid = {D6A8FE01-EBB0-4518-A116-F0E4033F33C2}
	EndGlobalSection
EndGlobal
